
Microsoft Visual Studio Solution File, Format Version 12.00
# Visual Studio Version 17
VisualStudioVersion = 17.5.33502.453
MinimumVisualStudioVersion = 10.0.40219.1
Project("{2150E333-8FDC-42A3-9474-1A3956D46DE8}") = "MyCore", "MyCore", "{66AEE67C-FEEB-400A-91B4-E4D9287C5EA4}"
EndProject
Project("{9A19103F-16F7-4668-BE54-9A1E7A4F7556}") = "MyCore.TokenManager", "MyCore\MyCore.TokenManager\MyCore.TokenManager.csproj", "{F89EE8ED-F215-45C4-9321-C58A5B1616AA}"
EndProject
Project("{9A19103F-16F7-4668-BE54-9A1E7A4F7556}") = "MyCore.Cache", "MyCore\MyCore.Cache\MyCore.Cache.csproj", "{4BD881C9-45C5-4374-9C90-4C75E7849A39}"
EndProject
Project("{9A19103F-16F7-4668-BE54-9A1E7A4F7556}") = "MyCore.Common", "MyCore\MyCore.Common\MyCore.Common.csproj", "{09FBD47A-DF3D-45AF-84ED-954664DC8E19}"
EndProject
Project("{9A19103F-16F7-4668-BE54-9A1E7A4F7556}") = "MyCore.Dapper", "MyCore\MyCore.Dapper\MyCore.Dapper.csproj", "{F7D498C4-67D6-41D5-9E89-F404B5623AF9}"
EndProject
Project("{9A19103F-16F7-4668-BE54-9A1E7A4F7556}") = "MyCore.Elastic", "MyCore\MyCore.Elastic\MyCore.Elastic.csproj", "{278C83C3-D6C2-4932-A87A-AC30552F9181}"
EndProject
Project("{9A19103F-16F7-4668-BE54-9A1E7A4F7556}") = "MyCore.LogManager", "MyCore\MyCore.LogManager\MyCore.LogManager.csproj", "{E168F661-9CFE-45FB-8BC8-22BD76268C01}"
EndProject
Project("{9A19103F-16F7-4668-BE54-9A1E7A4F7556}") = "MyCore.Middlewares", "MyCore\MyCore.Middlewares\MyCore.Middlewares.csproj", "{9281279C-6555-4154-B4F3-B438A6C90000}"
EndProject
Project("{2150E333-8FDC-42A3-9474-1A3956D46DE8}") = "UserDomain", "UserDomain", "{DB970AE4-4916-4C69-8F5F-2FE208E80CA2}"
EndProject
Project("{9A19103F-16F7-4668-BE54-9A1E7A4F7556}") = "MySampleFW.UserDomain.Libraries", "UserDomain\MySampleFW.UserDomain.Libraries\MySampleFW.UserDomain.Libraries.csproj", "{FB707323-4FBD-4B00-9591-7BA04816B933}"
EndProject
Project("{9A19103F-16F7-4668-BE54-9A1E7A4F7556}") = "MySampleFW.UserDomain.Repositories", "UserDomain\MySampleFW.UserDomain.Repositories\MySampleFW.UserDomain.Repositories.csproj", "{27BF061D-74DB-4902-B19D-C65D25C1167D}"
EndProject
Project("{9A19103F-16F7-4668-BE54-9A1E7A4F7556}") = "MySampleFW.UserDomain.Services", "UserDomain\MySampleFW.UserDomain.Services\MySampleFW.UserDomain.Services.csproj", "{F225C4DA-A0DE-4157-A8FF-B775AE7FA5A7}"
EndProject
Project("{2150E333-8FDC-42A3-9474-1A3956D46DE8}") = "RoleDomain", "RoleDomain", "{EA5F0B0C-97CF-4D7F-ADD8-C9494F62B1B1}"
EndProject
Project("{9A19103F-16F7-4668-BE54-9A1E7A4F7556}") = "MySampleFW.RoleDomain.Libraries", "RoleDomain\MySampleFW.RoleDomain.Libraries\MySampleFW.RoleDomain.Libraries.csproj", "{8A7A8273-9DBC-41CF-8A9D-A4BA6DC132A6}"
EndProject
Project("{9A19103F-16F7-4668-BE54-9A1E7A4F7556}") = "MySampleFW.RoleDomain.Repositores", "RoleDomain\MySampleFW.RoleDomain.Repositores\MySampleFW.RoleDomain.Repositores.csproj", "{9147C3EC-1E5E-4F07-8EAD-5FA1A9013606}"
EndProject
Project("{9A19103F-16F7-4668-BE54-9A1E7A4F7556}") = "MySampleFW.RoleDomain.Services", "RoleDomain\MySampleFW.RoleDomain.Services\MySampleFW.RoleDomain.Services.csproj", "{16FBE6A2-71D9-4805-98F0-6D13BF411D36}"
EndProject
Project("{2150E333-8FDC-42A3-9474-1A3956D46DE8}") = "Helper", "Helper", "{578A6ECD-570E-4F2E-BF85-2C537C480D10}"
EndProject
Project("{9A19103F-16F7-4668-BE54-9A1E7A4F7556}") = "MySampleFW.Helper.Validations", "Helper\MySampleFW.Helper.Validations\MySampleFW.Helper.Validations.csproj", "{689AFAC4-70B1-460E-9D3F-D05872356E6B}"
EndProject
Project("{9A19103F-16F7-4668-BE54-9A1E7A4F7556}") = "MySampleFW.Helper.Maps", "Helper\MySampleFW.Helper.Maps\MySampleFW.Helper.Maps.csproj", "{33F003E3-EFD8-4B9A-8CB9-CB13A97ADB33}"
EndProject
Project("{9A19103F-16F7-4668-BE54-9A1E7A4F7556}") = "MySampleFW.Helper.Dependency", "Helper\MySampleFW.Helper.Dependency\MySampleFW.Helper.Dependency.csproj", "{1040A097-D7E8-442E-868E-17476455BEFC}"
EndProject
Project("{2150E333-8FDC-42A3-9474-1A3956D46DE8}") = "Services", "Services", "{6621DD7D-C894-4F58-B8D8-42325068127D}"
EndProject
Project("{9A19103F-16F7-4668-BE54-9A1E7A4F7556}") = "MySampleFW.Services", "Services\MySampleFW.Services.csproj", "{D010C645-D6C0-4F32-8FFD-EC5F4FAED1C3}"
EndProject
Global
	GlobalSection(SolutionConfigurationPlatforms) = preSolution
		Debug|Any CPU = Debug|Any CPU
		Release|Any CPU = Release|Any CPU
	EndGlobalSection
	GlobalSection(ProjectConfigurationPlatforms) = postSolution
		{F89EE8ED-F215-45C4-9321-C58A5B1616AA}.Debug|Any CPU.ActiveCfg = Debug|Any CPU
		{F89EE8ED-F215-45C4-9321-C58A5B1616AA}.Debug|Any CPU.Build.0 = Debug|Any CPU
		{F89EE8ED-F215-45C4-9321-C58A5B1616AA}.Release|Any CPU.ActiveCfg = Release|Any CPU
		{F89EE8ED-F215-45C4-9321-C58A5B1616AA}.Release|Any CPU.Build.0 = Release|Any CPU
		{4BD881C9-45C5-4374-9C90-4C75E7849A39}.Debug|Any CPU.ActiveCfg = Debug|Any CPU
		{4BD881C9-45C5-4374-9C90-4C75E7849A39}.Debug|Any CPU.Build.0 = Debug|Any CPU
		{4BD881C9-45C5-4374-9C90-4C75E7849A39}.Release|Any CPU.ActiveCfg = Release|Any CPU
		{4BD881C9-45C5-4374-9C90-4C75E7849A39}.Release|Any CPU.Build.0 = Release|Any CPU
		{09FBD47A-DF3D-45AF-84ED-954664DC8E19}.Debug|Any CPU.ActiveCfg = Debug|Any CPU
		{09FBD47A-DF3D-45AF-84ED-954664DC8E19}.Debug|Any CPU.Build.0 = Debug|Any CPU
		{09FBD47A-DF3D-45AF-84ED-954664DC8E19}.Release|Any CPU.ActiveCfg = Release|Any CPU
		{09FBD47A-DF3D-45AF-84ED-954664DC8E19}.Release|Any CPU.Build.0 = Release|Any CPU
		{F7D498C4-67D6-41D5-9E89-F404B5623AF9}.Debug|Any CPU.ActiveCfg = Debug|Any CPU
		{F7D498C4-67D6-41D5-9E89-F404B5623AF9}.Debug|Any CPU.Build.0 = Debug|Any CPU
		{F7D498C4-67D6-41D5-9E89-F404B5623AF9}.Release|Any CPU.ActiveCfg = Release|Any CPU
		{F7D498C4-67D6-41D5-9E89-F404B5623AF9}.Release|Any CPU.Build.0 = Release|Any CPU
		{278C83C3-D6C2-4932-A87A-AC30552F9181}.Debug|Any CPU.ActiveCfg = Debug|Any CPU
		{278C83C3-D6C2-4932-A87A-AC30552F9181}.Debug|Any CPU.Build.0 = Debug|Any CPU
		{278C83C3-D6C2-4932-A87A-AC30552F9181}.Release|Any CPU.ActiveCfg = Release|Any CPU
		{278C83C3-D6C2-4932-A87A-AC30552F9181}.Release|Any CPU.Build.0 = Release|Any CPU
		{E168F661-9CFE-45FB-8BC8-22BD76268C01}.Debug|Any CPU.ActiveCfg = Debug|Any CPU
		{E168F661-9CFE-45FB-8BC8-22BD76268C01}.Debug|Any CPU.Build.0 = Debug|Any CPU
		{E168F661-9CFE-45FB-8BC8-22BD76268C01}.Release|Any CPU.ActiveCfg = Release|Any CPU
		{E168F661-9CFE-45FB-8BC8-22BD76268C01}.Release|Any CPU.Build.0 = Release|Any CPU
		{9281279C-6555-4154-B4F3-B438A6C90000}.Debug|Any CPU.ActiveCfg = Debug|Any CPU
		{9281279C-6555-4154-B4F3-B438A6C90000}.Debug|Any CPU.Build.0 = Debug|Any CPU
		{9281279C-6555-4154-B4F3-B438A6C90000}.Release|Any CPU.ActiveCfg = Release|Any CPU
		{9281279C-6555-4154-B4F3-B438A6C90000}.Release|Any CPU.Build.0 = Release|Any CPU
		{FB707323-4FBD-4B00-9591-7BA04816B933}.Debug|Any CPU.ActiveCfg = Debug|Any CPU
		{FB707323-4FBD-4B00-9591-7BA04816B933}.Debug|Any CPU.Build.0 = Debug|Any CPU
		{FB707323-4FBD-4B00-9591-7BA04816B933}.Release|Any CPU.ActiveCfg = Release|Any CPU
		{FB707323-4FBD-4B00-9591-7BA04816B933}.Release|Any CPU.Build.0 = Release|Any CPU
		{27BF061D-74DB-4902-B19D-C65D25C1167D}.Debug|Any CPU.ActiveCfg = Debug|Any CPU
		{27BF061D-74DB-4902-B19D-C65D25C1167D}.Debug|Any CPU.Build.0 = Debug|Any CPU
		{27BF061D-74DB-4902-B19D-C65D25C1167D}.Release|Any CPU.ActiveCfg = Release|Any CPU
		{27BF061D-74DB-4902-B19D-C65D25C1167D}.Release|Any CPU.Build.0 = Release|Any CPU
		{F225C4DA-A0DE-4157-A8FF-B775AE7FA5A7}.Debug|Any CPU.ActiveCfg = Debug|Any CPU
		{F225C4DA-A0DE-4157-A8FF-B775AE7FA5A7}.Debug|Any CPU.Build.0 = Debug|Any CPU
		{F225C4DA-A0DE-4157-A8FF-B775AE7FA5A7}.Release|Any CPU.ActiveCfg = Release|Any CPU
		{F225C4DA-A0DE-4157-A8FF-B775AE7FA5A7}.Release|Any CPU.Build.0 = Release|Any CPU
		{8A7A8273-9DBC-41CF-8A9D-A4BA6DC132A6}.Debug|Any CPU.ActiveCfg = Debug|Any CPU
		{8A7A8273-9DBC-41CF-8A9D-A4BA6DC132A6}.Debug|Any CPU.Build.0 = Debug|Any CPU
		{8A7A8273-9DBC-41CF-8A9D-A4BA6DC132A6}.Release|Any CPU.ActiveCfg = Release|Any CPU
		{8A7A8273-9DBC-41CF-8A9D-A4BA6DC132A6}.Release|Any CPU.Build.0 = Release|Any CPU
		{9147C3EC-1E5E-4F07-8EAD-5FA1A9013606}.Debug|Any CPU.ActiveCfg = Debug|Any CPU
		{9147C3EC-1E5E-4F07-8EAD-5FA1A9013606}.Debug|Any CPU.Build.0 = Debug|Any CPU
		{9147C3EC-1E5E-4F07-8EAD-5FA1A9013606}.Release|Any CPU.ActiveCfg = Release|Any CPU
		{9147C3EC-1E5E-4F07-8EAD-5FA1A9013606}.Release|Any CPU.Build.0 = Release|Any CPU
		{16FBE6A2-71D9-4805-98F0-6D13BF411D36}.Debug|Any CPU.ActiveCfg = Debug|Any CPU
		{16FBE6A2-71D9-4805-98F0-6D13BF411D36}.Debug|Any CPU.Build.0 = Debug|Any CPU
		{16FBE6A2-71D9-4805-98F0-6D13BF411D36}.Release|Any CPU.ActiveCfg = Release|Any CPU
		{16FBE6A2-71D9-4805-98F0-6D13BF411D36}.Release|Any CPU.Build.0 = Release|Any CPU
		{689AFAC4-70B1-460E-9D3F-D05872356E6B}.Debug|Any CPU.ActiveCfg = Debug|Any CPU
		{689AFAC4-70B1-460E-9D3F-D05872356E6B}.Debug|Any CPU.Build.0 = Debug|Any CPU
		{689AFAC4-70B1-460E-9D3F-D05872356E6B}.Release|Any CPU.ActiveCfg = Release|Any CPU
		{689AFAC4-70B1-460E-9D3F-D05872356E6B}.Release|Any CPU.Build.0 = Release|Any CPU
		{33F003E3-EFD8-4B9A-8CB9-CB13A97ADB33}.Debug|Any CPU.ActiveCfg = Debug|Any CPU
		{33F003E3-EFD8-4B9A-8CB9-CB13A97ADB33}.Debug|Any CPU.Build.0 = Debug|Any CPU
		{33F003E3-EFD8-4B9A-8CB9-CB13A97ADB33}.Release|Any CPU.ActiveCfg = Release|Any CPU
		{33F003E3-EFD8-4B9A-8CB9-CB13A97ADB33}.Release|Any CPU.Build.0 = Release|Any CPU
		{1040A097-D7E8-442E-868E-17476455BEFC}.Debug|Any CPU.ActiveCfg = Debug|Any CPU
		{1040A097-D7E8-442E-868E-17476455BEFC}.Debug|Any CPU.Build.0 = Debug|Any CPU
		{1040A097-D7E8-442E-868E-17476455BEFC}.Release|Any CPU.ActiveCfg = Release|Any CPU
		{1040A097-D7E8-442E-868E-17476455BEFC}.Release|Any CPU.Build.0 = Release|Any CPU
		{D010C645-D6C0-4F32-8FFD-EC5F4FAED1C3}.Debug|Any CPU.ActiveCfg = Debug|Any CPU
		{D010C645-D6C0-4F32-8FFD-EC5F4FAED1C3}.Debug|Any CPU.Build.0 = Debug|Any CPU
		{D010C645-D6C0-4F32-8FFD-EC5F4FAED1C3}.Release|Any CPU.ActiveCfg = Release|Any CPU
		{D010C645-D6C0-4F32-8FFD-EC5F4FAED1C3}.Release|Any CPU.Build.0 = Release|Any CPU
	EndGlobalSection
	GlobalSection(SolutionProperties) = preSolution
		HideSolutionNode = FALSE
	EndGlobalSection
	GlobalSection(NestedProjects) = preSolution
		{F89EE8ED-F215-45C4-9321-C58A5B1616AA} = {66AEE67C-FEEB-400A-91B4-E4D9287C5EA4}
		{4BD881C9-45C5-4374-9C90-4C75E7849A39} = {66AEE67C-FEEB-400A-91B4-E4D9287C5EA4}
		{09FBD47A-DF3D-45AF-84ED-954664DC8E19} = {66AEE67C-FEEB-400A-91B4-E4D9287C5EA4}
		{F7D498C4-67D6-41D5-9E89-F404B5623AF9} = {66AEE67C-FEEB-400A-91B4-E4D9287C5EA4}
		{278C83C3-D6C2-4932-A87A-AC30552F9181} = {66AEE67C-FEEB-400A-91B4-E4D9287C5EA4}
		{E168F661-9CFE-45FB-8BC8-22BD76268C01} = {66AEE67C-FEEB-400A-91B4-E4D9287C5EA4}
		{9281279C-6555-4154-B4F3-B438A6C90000} = {66AEE67C-FEEB-400A-91B4-E4D9287C5EA4}
		{FB707323-4FBD-4B00-9591-7BA04816B933} = {DB970AE4-4916-4C69-8F5F-2FE208E80CA2}
		{27BF061D-74DB-4902-B19D-C65D25C1167D} = {DB970AE4-4916-4C69-8F5F-2FE208E80CA2}
		{F225C4DA-A0DE-4157-A8FF-B775AE7FA5A7} = {DB970AE4-4916-4C69-8F5F-2FE208E80CA2}
		{8A7A8273-9DBC-41CF-8A9D-A4BA6DC132A6} = {EA5F0B0C-97CF-4D7F-ADD8-C9494F62B1B1}
		{9147C3EC-1E5E-4F07-8EAD-5FA1A9013606} = {EA5F0B0C-97CF-4D7F-ADD8-C9494F62B1B1}
		{16FBE6A2-71D9-4805-98F0-6D13BF411D36} = {EA5F0B0C-97CF-4D7F-ADD8-C9494F62B1B1}
		{689AFAC4-70B1-460E-9D3F-D05872356E6B} = {578A6ECD-570E-4F2E-BF85-2C537C480D10}
		{33F003E3-EFD8-4B9A-8CB9-CB13A97ADB33} = {578A6ECD-570E-4F2E-BF85-2C537C480D10}
		{1040A097-D7E8-442E-868E-17476455BEFC} = {578A6ECD-570E-4F2E-BF85-2C537C480D10}
		{D010C645-D6C0-4F32-8FFD-EC5F4FAED1C3} = {6621DD7D-C894-4F58-B8D8-42325068127D}
	EndGlobalSection
	GlobalSection(ExtensibilityGlobals) = postSolution
		SolutionGuid = {96733CB5-04D8-440B-A09E-1D22B7CFFFC4}
	EndGlobalSection
EndGlobal
